
Microsoft Visual Studio Solution File, Format Version 12.00
# Visual Studio Version 17
VisualStudioVersion = 17.14.36310.24 d17.14
MinimumVisualStudioVersion = 10.0.40219.1
Project("{FAE04EC0-301F-11D3-BF4B-00C04F79EFBC}") = "CheatToolUI", "CheatToolUI.csproj", "{884CCBB4-7B6E-4562-B9CE-6E21851A230B}"
EndProject
Global
	GlobalSection(SolutionConfigurationPlatforms) = preSolution
		Debug|Any CPU = Debug|Any CPU
		Release|Any CPU = Release|Any CPU
	EndGlobalSection
	GlobalSection(ProjectConfigurationPlatforms) = postSolution
		{884CCBB4-7B6E-4562-B9CE-6E21851A230B}.Debug|Any CPU.ActiveCfg = Debug|Any CPU
		{884CCBB4-7B6E-4562-B9CE-6E21851A230B}.Debug|Any CPU.Build.0 = Debug|Any CPU
		{884CCBB4-7B6E-4562-B9CE-6E21851A230B}.Release|Any CPU.ActiveCfg = Release|Any CPU
		{884CCBB4-7B6E-4562-B9CE-6E21851A230B}.Release|Any CPU.Build.0 = Release|Any CPU
	EndGlobalSection
	GlobalSection(SolutionProperties) = preSolution
		HideSolutionNode = FALSE
	EndGlobalSection
	GlobalSection(ExtensibilityGlobals) = postSolution
		SolutionGuid = {418A5270-839E-4759-8BE7-ACC5509C5D6E}
	EndGlobalSection
EndGlobal
